
Microsoft Visual Studio Solution File, Format Version 12.00
# Visual Studio 2015
Project("{FAE04EC0-301F-11D3-BF4B-00C04F79EFBC}") = "You are a Dragon.CSharp", "You are a Dragon.CSharp.csproj", "{B659AE3F-0103-AB38-1432-4F7535834E7B}"
EndProject
Project("{FAE04EC0-301F-11D3-BF4B-00C04F79EFBC}") = "You are a Dragon.CSharp.Editor", "You are a Dragon.CSharp.Editor.csproj", "{C2422962-E351-47E8-6512-0042ACD247A3}"
EndProject
Global
	GlobalSection(SolutionConfigurationPlatforms) = preSolution
		Debug|Any CPU = Debug|Any CPU
		Release|Any CPU = Release|Any CPU
	EndGlobalSection
	GlobalSection(ProjectConfigurationPlatforms) = postSolution
		{B659AE3F-0103-AB38-1432-4F7535834E7B}.Debug|Any CPU.ActiveCfg = Debug|Any CPU
		{B659AE3F-0103-AB38-1432-4F7535834E7B}.Debug|Any CPU.Build.0 = Debug|Any CPU
		{B659AE3F-0103-AB38-1432-4F7535834E7B}.Release|Any CPU.ActiveCfg = Release|Any CPU
		{B659AE3F-0103-AB38-1432-4F7535834E7B}.Release|Any CPU.Build.0 = Release|Any CPU
		{C2422962-E351-47E8-6512-0042ACD247A3}.Debug|Any CPU.ActiveCfg = Debug|Any CPU
		{C2422962-E351-47E8-6512-0042ACD247A3}.Debug|Any CPU.Build.0 = Debug|Any CPU
		{C2422962-E351-47E8-6512-0042ACD247A3}.Release|Any CPU.ActiveCfg = Release|Any CPU
		{C2422962-E351-47E8-6512-0042ACD247A3}.Release|Any CPU.Build.0 = Release|Any CPU
	EndGlobalSection
	GlobalSection(SolutionProperties) = preSolution
		HideSolutionNode = FALSE
	EndGlobalSection
EndGlobal
